
Microsoft Visual Studio Solution File, Format Version 12.00
# Visual Studio Version 16
VisualStudioVersion = 16.0.30011.22
MinimumVisualStudioVersion = 10.0.40219.1
Project("{FAE04EC0-301F-11D3-BF4B-00C04F79EFBC}") = "chuong3_bt6", "chuong3_bt6.csproj", "{1EFC0860-D588-4223-9E6C-7CFB3FE2C826}"
EndProject
Global
	GlobalSection(SolutionConfigurationPlatforms) = preSolution
		Debug|Any CPU = Debug|Any CPU
		Release|Any CPU = Release|Any CPU
	EndGlobalSection
	GlobalSection(ProjectConfigurationPlatforms) = postSolution
		{1EFC0860-D588-4223-9E6C-7CFB3FE2C826}.Debug|Any CPU.ActiveCfg = Debug|Any CPU
		{1EFC0860-D588-4223-9E6C-7CFB3FE2C826}.Debug|Any CPU.Build.0 = Debug|Any CPU
		{1EFC0860-D588-4223-9E6C-7CFB3FE2C826}.Release|Any CPU.ActiveCfg = Release|Any CPU
		{1EFC0860-D588-4223-9E6C-7CFB3FE2C826}.Release|Any CPU.Build.0 = Release|Any CPU
	EndGlobalSection
	GlobalSection(SolutionProperties) = preSolution
		HideSolutionNode = FALSE
	EndGlobalSection
	GlobalSection(ExtensibilityGlobals) = postSolution
		SolutionGuid = {FD463BB5-BB6D-4B31-B9CD-785FC9E7167A}
	EndGlobalSection
EndGlobal
